
Microsoft Visual Studio Solution File, Format Version 12.00
# Visual Studio Version 16
VisualStudioVersion = 16.0.33214.272
MinimumVisualStudioVersion = 10.0.40219.1
Project("{9A19103F-16F7-4668-BE54-9A1E7A4F7556}") = "BlackJack", "BlackJack\BlackJack.csproj", "{697EDFF2-0729-46F8-8532-9A8CBF083D7C}"
EndProject
Project("{9A19103F-16F7-4668-BE54-9A1E7A4F7556}") = "CardClasses", "CardClasses\CardClasses.csproj", "{B890E06A-C0DD-428A-81CD-55CDE2EDDC86}"
EndProject
Global
	GlobalSection(SolutionConfigurationPlatforms) = preSolution
		Debug|Any CPU = Debug|Any CPU
		Release|Any CPU = Release|Any CPU
	EndGlobalSection
	GlobalSection(ProjectConfigurationPlatforms) = postSolution
		{697EDFF2-0729-46F8-8532-9A8CBF083D7C}.Debug|Any CPU.ActiveCfg = Debug|Any CPU
		{697EDFF2-0729-46F8-8532-9A8CBF083D7C}.Debug|Any CPU.Build.0 = Debug|Any CPU
		{697EDFF2-0729-46F8-8532-9A8CBF083D7C}.Release|Any CPU.ActiveCfg = Release|Any CPU
		{697EDFF2-0729-46F8-8532-9A8CBF083D7C}.Release|Any CPU.Build.0 = Release|Any CPU
		{B890E06A-C0DD-428A-81CD-55CDE2EDDC86}.Debug|Any CPU.ActiveCfg = Debug|Any CPU
		{B890E06A-C0DD-428A-81CD-55CDE2EDDC86}.Debug|Any CPU.Build.0 = Debug|Any CPU
		{B890E06A-C0DD-428A-81CD-55CDE2EDDC86}.Release|Any CPU.ActiveCfg = Release|Any CPU
		{B890E06A-C0DD-428A-81CD-55CDE2EDDC86}.Release|Any CPU.Build.0 = Release|Any CPU
	EndGlobalSection
	GlobalSection(SolutionProperties) = preSolution
		HideSolutionNode = FALSE
	EndGlobalSection
	GlobalSection(ExtensibilityGlobals) = postSolution
		SolutionGuid = {8F86DFCA-3535-4DFC-8B06-B0FE73B39A28}
	EndGlobalSection
EndGlobal
